
Microsoft Visual Studio Solution File, Format Version 12.00
# Visual Studio 2015
Project("{FAE04EC0-301F-11D3-BF4B-00C04F79EFBC}") = "CS321Test", "CS321Test.csproj", "{C1A3678F-86E3-39D6-FB88-259AD4A4E0D2}"
EndProject
Global
	GlobalSection(SolutionConfigurationPlatforms) = preSolution
		Debug|Any CPU = Debug|Any CPU
		Release|Any CPU = Release|Any CPU
	EndGlobalSection
	GlobalSection(ProjectConfigurationPlatforms) = postSolution
		{C1A3678F-86E3-39D6-FB88-259AD4A4E0D2}.Debug|Any CPU.ActiveCfg = Debug|Any CPU
		{C1A3678F-86E3-39D6-FB88-259AD4A4E0D2}.Debug|Any CPU.Build.0 = Debug|Any CPU
		{C1A3678F-86E3-39D6-FB88-259AD4A4E0D2}.Release|Any CPU.ActiveCfg = Release|Any CPU
		{C1A3678F-86E3-39D6-FB88-259AD4A4E0D2}.Release|Any CPU.Build.0 = Release|Any CPU
	EndGlobalSection
	GlobalSection(SolutionProperties) = preSolution
		HideSolutionNode = FALSE
	EndGlobalSection
EndGlobal
